
Microsoft Visual Studio Solution File, Format Version 12.00
# Visual Studio Version 17
VisualStudioVersion = 17.7.34031.279
MinimumVisualStudioVersion = 10.0.40219.1
Project("{FAE04EC0-301F-11D3-BF4B-00C04F79EFBC}") = "StartupProject", "Functions\StartupProject\StartupProject.csproj", "{FF6ADC13-57F4-4758-96AF-30FFA63A873C}"
EndProject
Project("{9A19103F-16F7-4668-BE54-9A1E7A4F7556}") = "FunctionApp1", "Functions\FunctionApp1\FunctionApp1.csproj", "{C5866988-82D9-4287-8A1F-976AC3E9BB7D}"
EndProject
Project("{FAE04EC0-301F-11D3-BF4B-00C04F79EFBC}") = "FunctionApp2", "Functions\FunctionApp2\FunctionApp2.csproj", "{504B1FF7-EA1C-4EFE-BB55-6726564E4430}"
EndProject
Global
	GlobalSection(SolutionConfigurationPlatforms) = preSolution
		Debug|Any CPU = Debug|Any CPU
		Release|Any CPU = Release|Any CPU
	EndGlobalSection
	GlobalSection(ProjectConfigurationPlatforms) = postSolution
		{FF6ADC13-57F4-4758-96AF-30FFA63A873C}.Debug|Any CPU.ActiveCfg = Debug|Any CPU
		{FF6ADC13-57F4-4758-96AF-30FFA63A873C}.Debug|Any CPU.Build.0 = Debug|Any CPU
		{FF6ADC13-57F4-4758-96AF-30FFA63A873C}.Release|Any CPU.ActiveCfg = Release|Any CPU
		{FF6ADC13-57F4-4758-96AF-30FFA63A873C}.Release|Any CPU.Build.0 = Release|Any CPU
		{C5866988-82D9-4287-8A1F-976AC3E9BB7D}.Debug|Any CPU.ActiveCfg = Debug|Any CPU
		{C5866988-82D9-4287-8A1F-976AC3E9BB7D}.Debug|Any CPU.Build.0 = Debug|Any CPU
		{C5866988-82D9-4287-8A1F-976AC3E9BB7D}.Release|Any CPU.ActiveCfg = Release|Any CPU
		{C5866988-82D9-4287-8A1F-976AC3E9BB7D}.Release|Any CPU.Build.0 = Release|Any CPU
		{504B1FF7-EA1C-4EFE-BB55-6726564E4430}.Debug|Any CPU.ActiveCfg = Debug|Any CPU
		{504B1FF7-EA1C-4EFE-BB55-6726564E4430}.Debug|Any CPU.Build.0 = Debug|Any CPU
		{504B1FF7-EA1C-4EFE-BB55-6726564E4430}.Release|Any CPU.ActiveCfg = Release|Any CPU
		{504B1FF7-EA1C-4EFE-BB55-6726564E4430}.Release|Any CPU.Build.0 = Release|Any CPU
	EndGlobalSection
	GlobalSection(SolutionProperties) = preSolution
		HideSolutionNode = FALSE
	EndGlobalSection
	GlobalSection(ExtensibilityGlobals) = postSolution
		SolutionGuid = {F1B52B97-61A5-42AC-B70A-5A143D59CB9B}
	EndGlobalSection
EndGlobal
